// !$*UTF8*$!
{
	archiveVersion = 1;
	classes = {
	};
	objectVersion = 56;
	objects = {

/* Begin PBXBuildFile section */
		8FAED55A28B29C02005C0797 /* SudokuApp.swift in Sources */ = {isa = PBXBuildFile; fileRef = 8FAED55928B29C02005C0797 /* SudokuApp.swift */; };
		8FAED55C28B29C02005C0797 /* ContentView.swift in Sources */ = {isa = PBXBuildFile; fileRef = 8FAED55B28B29C02005C0797 /* ContentView.swift */; };
		8FAED55E28B29C05005C0797 /* Assets.xcassets in Resources */ = {isa = PBXBuildFile; fileRef = 8FAED55D28B29C05005C0797 /* Assets.xcassets */; };
		8FAED56228B29C05005C0797 /* Preview Assets.xcassets in Resources */ = {isa = PBXBuildFile; fileRef = 8FAED56128B29C05005C0797 /* Preview Assets.xcassets */; };
		8FAED56C28B29C06005C0797 /* SudokuTests.swift in Sources */ = {isa = PBXBuildFile; fileRef = 8FAED56B28B29C06005C0797 /* SudokuTests.swift */; };
		8FAED57628B29C06005C0797 /* SudokuUITests.swift in Sources */ = {isa = PBXBuildFile; fileRef = 8FAED57528B29C06005C0797 /* SudokuUITests.swift */; };
		8FAED57828B29C06005C0797 /* SudokuUITestsLaunchTests.swift in Sources */ = {isa = PBXBuildFile; fileRef = 8FAED57728B29C06005C0797 /* SudokuUITestsLaunchTests.swift */; };
		8FAED58F28B29E7A005C0797 /* SudokuSolver.docc in Sources */ = {isa = PBXBuildFile; fileRef = 8FAED58E28B29E7A005C0797 /* SudokuSolver.docc */; };
		8FAED59528B29E7B005C0797 /* SudokuSolver.framework in Frameworks */ = {isa = PBXBuildFile; fileRef = 8FAED58B28B29E7A005C0797 /* SudokuSolver.framework */; };
		8FAED59C28B29E7B005C0797 /* SudokuSolverTests.swift in Sources */ = {isa = PBXBuildFile; fileRef = 8FAED59B28B29E7B005C0797 /* SudokuSolverTests.swift */; };
		8FAED59D28B29E7B005C0797 /* SudokuSolver.h in Headers */ = {isa = PBXBuildFile; fileRef = 8FAED58D28B29E7A005C0797 /* SudokuSolver.h */; settings = {ATTRIBUTES = (Public, ); }; };
		8FAED5A028B29E7B005C0797 /* SudokuSolver.framework in Frameworks */ = {isa = PBXBuildFile; fileRef = 8FAED58B28B29E7A005C0797 /* SudokuSolver.framework */; };
		8FAED5A128B29E7B005C0797 /* SudokuSolver.framework in Embed Frameworks */ = {isa = PBXBuildFile; fileRef = 8FAED58B28B29E7A005C0797 /* SudokuSolver.framework */; settings = {ATTRIBUTES = (CodeSignOnCopy, RemoveHeadersOnCopy, ); }; };
		8FAED5A928B29E86005C0797 /* Sudoku.swift in Sources */ = {isa = PBXBuildFile; fileRef = 8FAED58428B29C15005C0797 /* Sudoku.swift */; };
/* End PBXBuildFile section */

/* Begin PBXContainerItemProxy section */
		8FAED56828B29C06005C0797 /* PBXContainerItemProxy */ = {
			isa = PBXContainerItemProxy;
			containerPortal = 8FAED54E28B29C02005C0797 /* Project object */;
			proxyType = 1;
			remoteGlobalIDString = 8FAED55528B29C02005C0797;
			remoteInfo = Sudoku;
		};
		8FAED57228B29C06005C0797 /* PBXContainerItemProxy */ = {
			isa = PBXContainerItemProxy;
			containerPortal = 8FAED54E28B29C02005C0797 /* Project object */;
			proxyType = 1;
			remoteGlobalIDString = 8FAED55528B29C02005C0797;
			remoteInfo = Sudoku;
		};
		8FAED59628B29E7B005C0797 /* PBXContainerItemProxy */ = {
			isa = PBXContainerItemProxy;
			containerPortal = 8FAED54E28B29C02005C0797 /* Project object */;
			proxyType = 1;
			remoteGlobalIDString = 8FAED58A28B29E7A005C0797;
			remoteInfo = SudokuSolver;
		};
		8FAED59828B29E7B005C0797 /* PBXContainerItemProxy */ = {
			isa = PBXContainerItemProxy;
			containerPortal = 8FAED54E28B29C02005C0797 /* Project object */;
			proxyType = 1;
			remoteGlobalIDString = 8FAED55528B29C02005C0797;
			remoteInfo = Sudoku;
		};
		8FAED59E28B29E7B005C0797 /* PBXContainerItemProxy */ = {
			isa = PBXContainerItemProxy;
			containerPortal = 8FAED54E28B29C02005C0797 /* Project object */;
			proxyType = 1;
			remoteGlobalIDString = 8FAED58A28B29E7A005C0797;
			remoteInfo = SudokuSolver;
		};
/* End PBXContainerItemProxy section */

/* Begin PBXCopyFilesBuildPhase section */
		8FAED5A528B29E7B005C0797 /* Embed Frameworks */ = {
			isa = PBXCopyFilesBuildPhase;
			buildActionMask = 2147483647;
			dstPath = "";
			dstSubfolderSpec = 10;
			files = (
				8FAED5A128B29E7B005C0797 /* SudokuSolver.framework in Embed Frameworks */,
			);
			name = "Embed Frameworks";
			runOnlyForDeploymentPostprocessing = 0;
		};
/* End PBXCopyFilesBuildPhase section */

/* Begin PBXFileReference section */
		8FAED55628B29C02005C0797 /* Sudoku.app */ = {isa = PBXFileReference; explicitFileType = wrapper.application; includeInIndex = 0; path = Sudoku.app; sourceTree = BUILT_PRODUCTS_DIR; };
		8FAED55928B29C02005C0797 /* SudokuApp.swift */ = {isa = PBXFileReference; lastKnownFileType = sourcecode.swift; path = SudokuApp.swift; sourceTree = "<group>"; };
		8FAED55B28B29C02005C0797 /* ContentView.swift */ = {isa = PBXFileReference; lastKnownFileType = sourcecode.swift; path = ContentView.swift; sourceTree = "<group>"; };
		8FAED55D28B29C05005C0797 /* Assets.xcassets */ = {isa = PBXFileReference; lastKnownFileType = folder.assetcatalog; path = Assets.xcassets; sourceTree = "<group>"; };
		8FAED55F28B29C05005C0797 /* Sudoku.entitlements */ = {isa = PBXFileReference; lastKnownFileType = text.plist.entitlements; path = Sudoku.entitlements; sourceTree = "<group>"; };
		8FAED56128B29C05005C0797 /* Preview Assets.xcassets */ = {isa = PBXFileReference; lastKnownFileType = folder.assetcatalog; path = "Preview Assets.xcassets"; sourceTree = "<group>"; };
		8FAED56728B29C06005C0797 /* SudokuTests.xctest */ = {isa = PBXFileReference; explicitFileType = wrapper.cfbundle; includeInIndex = 0; path = SudokuTests.xctest; sourceTree = BUILT_PRODUCTS_DIR; };
		8FAED56B28B29C06005C0797 /* SudokuTests.swift */ = {isa = PBXFileReference; lastKnownFileType = sourcecode.swift; path = SudokuTests.swift; sourceTree = "<group>"; };
		8FAED57128B29C06005C0797 /* SudokuUITests.xctest */ = {isa = PBXFileReference; explicitFileType = wrapper.cfbundle; includeInIndex = 0; path = SudokuUITests.xctest; sourceTree = BUILT_PRODUCTS_DIR; };
		8FAED57528B29C06005C0797 /* SudokuUITests.swift */ = {isa = PBXFileReference; lastKnownFileType = sourcecode.swift; path = SudokuUITests.swift; sourceTree = "<group>"; };
		8FAED57728B29C06005C0797 /* SudokuUITestsLaunchTests.swift */ = {isa = PBXFileReference; lastKnownFileType = sourcecode.swift; path = SudokuUITestsLaunchTests.swift; sourceTree = "<group>"; };
		8FAED58428B29C15005C0797 /* Sudoku.swift */ = {isa = PBXFileReference; lastKnownFileType = sourcecode.swift; path = Sudoku.swift; sourceTree = "<group>"; };
		8FAED58B28B29E7A005C0797 /* SudokuSolver.framework */ = {isa = PBXFileReference; explicitFileType = wrapper.framework; includeInIndex = 0; path = SudokuSolver.framework; sourceTree = BUILT_PRODUCTS_DIR; };
		8FAED58D28B29E7A005C0797 /* SudokuSolver.h */ = {isa = PBXFileReference; lastKnownFileType = sourcecode.c.h; path = SudokuSolver.h; sourceTree = "<group>"; };
		8FAED58E28B29E7A005C0797 /* SudokuSolver.docc */ = {isa = PBXFileReference; lastKnownFileType = folder.documentationcatalog; path = SudokuSolver.docc; sourceTree = "<group>"; };
		8FAED59428B29E7B005C0797 /* SudokuSolverTests.xctest */ = {isa = PBXFileReference; explicitFileType = wrapper.cfbundle; includeInIndex = 0; path = SudokuSolverTests.xctest; sourceTree = BUILT_PRODUCTS_DIR; };
		8FAED59B28B29E7B005C0797 /* SudokuSolverTests.swift */ = {isa = PBXFileReference; lastKnownFileType = sourcecode.swift; path = SudokuSolverTests.swift; sourceTree = "<group>"; };
/* End PBXFileReference section */

/* Begin PBXFrameworksBuildPhase section */
		8FAED55328B29C02005C0797 /* Frameworks */ = {
			isa = PBXFrameworksBuildPhase;
			buildActionMask = 2147483647;
			files = (
				8FAED5A028B29E7B005C0797 /* SudokuSolver.framework in Frameworks */,
			);
			runOnlyForDeploymentPostprocessing = 0;
		};
		8FAED56428B29C06005C0797 /* Frameworks */ = {
			isa = PBXFrameworksBuildPhase;
			buildActionMask = 2147483647;
			files = (
			);
			runOnlyForDeploymentPostprocessing = 0;
		};
		8FAED56E28B29C06005C0797 /* Frameworks */ = {
			isa = PBXFrameworksBuildPhase;
			buildActionMask = 2147483647;
			files = (
			);
			runOnlyForDeploymentPostprocessing = 0;
		};
		8FAED58828B29E7A005C0797 /* Frameworks */ = {
			isa = PBXFrameworksBuildPhase;
			buildActionMask = 2147483647;
			files = (
			);
			runOnlyForDeploymentPostprocessing = 0;
		};
		8FAED59128B29E7B005C0797 /* Frameworks */ = {
			isa = PBXFrameworksBuildPhase;
			buildActionMask = 2147483647;
			files = (
				8FAED59528B29E7B005C0797 /* SudokuSolver.framework in Frameworks */,
			);
			runOnlyForDeploymentPostprocessing = 0;
		};
/* End PBXFrameworksBuildPhase section */

/* Begin PBXGroup section */
		8FAED54D28B29C02005C0797 = {
			isa = PBXGroup;
			children = (
				8FAED55828B29C02005C0797 /* Sudoku */,
				8FAED56A28B29C06005C0797 /* SudokuTests */,
				8FAED57428B29C06005C0797 /* SudokuUITests */,
				8FAED58C28B29E7A005C0797 /* SudokuSolver */,
				8FAED59A28B29E7B005C0797 /* SudokuSolverTests */,
				8FAED55728B29C02005C0797 /* Products */,
			);
			sourceTree = "<group>";
		};
		8FAED55728B29C02005C0797 /* Products */ = {
			isa = PBXGroup;
			children = (
				8FAED55628B29C02005C0797 /* Sudoku.app */,
				8FAED56728B29C06005C0797 /* SudokuTests.xctest */,
				8FAED57128B29C06005C0797 /* SudokuUITests.xctest */,
				8FAED58B28B29E7A005C0797 /* SudokuSolver.framework */,
				8FAED59428B29E7B005C0797 /* SudokuSolverTests.xctest */,
			);
			name = Products;
			sourceTree = "<group>";
		};
		8FAED55828B29C02005C0797 /* Sudoku */ = {
			isa = PBXGroup;
			children = (
				8FAED55928B29C02005C0797 /* SudokuApp.swift */,
				8FAED55B28B29C02005C0797 /* ContentView.swift */,
				8FAED55D28B29C05005C0797 /* Assets.xcassets */,
				8FAED55F28B29C05005C0797 /* Sudoku.entitlements */,
				8FAED56028B29C05005C0797 /* Preview Content */,
			);
			path = Sudoku;
			sourceTree = "<group>";
		};
		8FAED56028B29C05005C0797 /* Preview Content */ = {
			isa = PBXGroup;
			children = (
				8FAED56128B29C05005C0797 /* Preview Assets.xcassets */,
			);
			path = "Preview Content";
			sourceTree = "<group>";
		};
		8FAED56A28B29C06005C0797 /* SudokuTests */ = {
			isa = PBXGroup;
			children = (
				8FAED56B28B29C06005C0797 /* SudokuTests.swift */,
			);
			path = SudokuTests;
			sourceTree = "<group>";
		};
		8FAED57428B29C06005C0797 /* SudokuUITests */ = {
			isa = PBXGroup;
			children = (
				8FAED57528B29C06005C0797 /* SudokuUITests.swift */,
				8FAED57728B29C06005C0797 /* SudokuUITestsLaunchTests.swift */,
			);
			path = SudokuUITests;
			sourceTree = "<group>";
		};
		8FAED58C28B29E7A005C0797 /* SudokuSolver */ = {
			isa = PBXGroup;
			children = (
				8FAED58428B29C15005C0797 /* Sudoku.swift */,
				8FAED58D28B29E7A005C0797 /* SudokuSolver.h */,
				8FAED58E28B29E7A005C0797 /* SudokuSolver.docc */,
			);
			path = SudokuSolver;
			sourceTree = "<group>";
		};
		8FAED59A28B29E7B005C0797 /* SudokuSolverTests */ = {
			isa = PBXGroup;
			children = (
				8FAED59B28B29E7B005C0797 /* SudokuSolverTests.swift */,
			);
			path = SudokuSolverTests;
			sourceTree = "<group>";
		};
/* End PBXGroup section */

/* Begin PBXHeadersBuildPhase section */
		8FAED58628B29E7A005C0797 /* Headers */ = {
			isa = PBXHeadersBuildPhase;
			buildActionMask = 2147483647;
			files = (
				8FAED59D28B29E7B005C0797 /* SudokuSolver.h in Headers */,
			);
			runOnlyForDeploymentPostprocessing = 0;
		};
/* End PBXHeadersBuildPhase section */

/* Begin PBXNativeTarget section */
		8FAED55528B29C02005C0797 /* Sudoku */ = {
			isa = PBXNativeTarget;
			buildConfigurationList = 8FAED57B28B29C06005C0797 /* Build configuration list for PBXNativeTarget "Sudoku" */;
			buildPhases = (
				8FAED55228B29C02005C0797 /* Sources */,
				8FAED55328B29C02005C0797 /* Frameworks */,
				8FAED55428B29C02005C0797 /* Resources */,
				8FAED5A528B29E7B005C0797 /* Embed Frameworks */,
			);
			buildRules = (
			);
			dependencies = (
				8FAED59F28B29E7B005C0797 /* PBXTargetDependency */,
			);
			name = Sudoku;
			productName = Sudoku;
			productReference = 8FAED55628B29C02005C0797 /* Sudoku.app */;
			productType = "com.apple.product-type.application";
		};
		8FAED56628B29C06005C0797 /* SudokuTests */ = {
			isa = PBXNativeTarget;
			buildConfigurationList = 8FAED57E28B29C06005C0797 /* Build configuration list for PBXNativeTarget "SudokuTests" */;
			buildPhases = (
				8FAED56328B29C06005C0797 /* Sources */,
				8FAED56428B29C06005C0797 /* Frameworks */,
				8FAED56528B29C06005C0797 /* Resources */,
			);
			buildRules = (
			);
			dependencies = (
				8FAED56928B29C06005C0797 /* PBXTargetDependency */,
			);
			name = SudokuTests;
			productName = SudokuTests;
			productReference = 8FAED56728B29C06005C0797 /* SudokuTests.xctest */;
			productType = "com.apple.product-type.bundle.unit-test";
		};
		8FAED57028B29C06005C0797 /* SudokuUITests */ = {
			isa = PBXNativeTarget;
			buildConfigurationList = 8FAED58128B29C06005C0797 /* Build configuration list for PBXNativeTarget "SudokuUITests" */;
			buildPhases = (
				8FAED56D28B29C06005C0797 /* Sources */,
				8FAED56E28B29C06005C0797 /* Frameworks */,
				8FAED56F28B29C06005C0797 /* Resources */,
			);
			buildRules = (
			);
			dependencies = (
				8FAED57328B29C06005C0797 /* PBXTargetDependency */,
			);
			name = SudokuUITests;
			productName = SudokuUITests;
			productReference = 8FAED57128B29C06005C0797 /* SudokuUITests.xctest */;
			productType = "com.apple.product-type.bundle.ui-testing";
		};
		8FAED58A28B29E7A005C0797 /* SudokuSolver */ = {
			isa = PBXNativeTarget;
			buildConfigurationList = 8FAED5A228B29E7B005C0797 /* Build configuration list for PBXNativeTarget "SudokuSolver" */;
			buildPhases = (
				8FAED58628B29E7A005C0797 /* Headers */,
				8FAED58728B29E7A005C0797 /* Sources */,
				8FAED58828B29E7A005C0797 /* Frameworks */,
				8FAED58928B29E7A005C0797 /* Resources */,
			);
			buildRules = (
			);
			dependencies = (
			);
			name = SudokuSolver;
			productName = SudokuSolver;
			productReference = 8FAED58B28B29E7A005C0797 /* SudokuSolver.framework */;
			productType = "com.apple.product-type.framework";
		};
		8FAED59328B29E7B005C0797 /* SudokuSolverTests */ = {
			isa = PBXNativeTarget;
			buildConfigurationList = 8FAED5A628B29E7B005C0797 /* Build configuration list for PBXNativeTarget "SudokuSolverTests" */;
			buildPhases = (
				8FAED59028B29E7B005C0797 /* Sources */,
				8FAED59128B29E7B005C0797 /* Frameworks */,
				8FAED59228B29E7B005C0797 /* Resources */,
			);
			buildRules = (
			);
			dependencies = (
				8FAED59728B29E7B005C0797 /* PBXTargetDependency */,
				8FAED59928B29E7B005C0797 /* PBXTargetDependency */,
			);
			name = SudokuSolverTests;
			productName = SudokuSolverTests;
			productReference = 8FAED59428B29E7B005C0797 /* SudokuSolverTests.xctest */;
			productType = "com.apple.product-type.bundle.unit-test";
		};
/* End PBXNativeTarget section */

/* Begin PBXProject section */
		8FAED54E28B29C02005C0797 /* Project object */ = {
			isa = PBXProject;
			attributes = {
				BuildIndependentTargetsInParallel = 1;
				LastSwiftUpdateCheck = 1400;
				LastUpgradeCheck = 1400;
				TargetAttributes = {
					8FAED55528B29C02005C0797 = {
						CreatedOnToolsVersion = 14.0;
					};
					8FAED56628B29C06005C0797 = {
						CreatedOnToolsVersion = 14.0;
						TestTargetID = 8FAED55528B29C02005C0797;
					};
					8FAED57028B29C06005C0797 = {
						CreatedOnToolsVersion = 14.0;
						TestTargetID = 8FAED55528B29C02005C0797;
					};
					8FAED58A28B29E7A005C0797 = {
						CreatedOnToolsVersion = 14.0;
					};
					8FAED59328B29E7B005C0797 = {
						CreatedOnToolsVersion = 14.0;
					};
				};
			};
			buildConfigurationList = 8FAED55128B29C02005C0797 /* Build configuration list for PBXProject "Sudoku" */;
			compatibilityVersion = "Xcode 14.0";
			developmentRegion = en;
			hasScannedForEncodings = 0;
			knownRegions = (
				en,
				Base,
			);
			mainGroup = 8FAED54D28B29C02005C0797;
			productRefGroup = 8FAED55728B29C02005C0797 /* Products */;
			projectDirPath = "";
			projectRoot = "";
			targets = (
				8FAED55528B29C02005C0797 /* Sudoku */,
				8FAED56628B29C06005C0797 /* SudokuTests */,
				8FAED57028B29C06005C0797 /* SudokuUITests */,
				8FAED58A28B29E7A005C0797 /* SudokuSolver */,
				8FAED59328B29E7B005C0797 /* SudokuSolverTests */,
			);
		};
/* End PBXProject section */

/* Begin PBXResourcesBuildPhase section */
		8FAED55428B29C02005C0797 /* Resources */ = {
			isa = PBXResourcesBuildPhase;
			buildActionMask = 2147483647;
			files = (
				8FAED56228B29C05005C0797 /* Preview Assets.xcassets in Resources */,
				8FAED55E28B29C05005C0797 /* Assets.xcassets in Resources */,
			);
			runOnlyForDeploymentPostprocessing = 0;
		};
		8FAED56528B29C06005C0797 /* Resources */ = {
			isa = PBXResourcesBuildPhase;
			buildActionMask = 2147483647;
			files = (
			);
			runOnlyForDeploymentPostprocessing = 0;
		};
		8FAED56F28B29C06005C0797 /* Resources */ = {
			isa = PBXResourcesBuildPhase;
			buildActionMask = 2147483647;
			files = (
			);
			runOnlyForDeploymentPostprocessing = 0;
		};
		8FAED58928B29E7A005C0797 /* Resources */ = {
			isa = PBXResourcesBuildPhase;
			buildActionMask = 2147483647;
			files = (
			);
			runOnlyForDeploymentPostprocessing = 0;
		};
		8FAED59228B29E7B005C0797 /* Resources */ = {
			isa = PBXResourcesBuildPhase;
			buildActionMask = 2147483647;
			files = (
			);
			runOnlyForDeploymentPostprocessing = 0;
		};
/* End PBXResourcesBuildPhase section */

/* Begin PBXSourcesBuildPhase section */
		8FAED55228B29C02005C0797 /* Sources */ = {
			isa = PBXSourcesBuildPhase;
			buildActionMask = 2147483647;
			files = (
				8FAED55C28B29C02005C0797 /* ContentView.swift in Sources */,
				8FAED55A28B29C02005C0797 /* SudokuApp.swift in Sources */,
			);
			runOnlyForDeploymentPostprocessing = 0;
		};
		8FAED56328B29C06005C0797 /* Sources */ = {
			isa = PBXSourcesBuildPhase;
			buildActionMask = 2147483647;
			files = (
				8FAED56C28B29C06005C0797 /* SudokuTests.swift in Sources */,
			);
			runOnlyForDeploymentPostprocessing = 0;
		};
		8FAED56D28B29C06005C0797 /* Sources */ = {
			isa = PBXSourcesBuildPhase;
			buildActionMask = 2147483647;
			files = (
				8FAED57628B29C06005C0797 /* SudokuUITests.swift in Sources */,
				8FAED57828B29C06005C0797 /* SudokuUITestsLaunchTests.swift in Sources */,
			);
			runOnlyForDeploymentPostprocessing = 0;
		};
		8FAED58728B29E7A005C0797 /* Sources */ = {
			isa = PBXSourcesBuildPhase;
			buildActionMask = 2147483647;
			files = (
				8FAED5A928B29E86005C0797 /* Sudoku.swift in Sources */,
				8FAED58F28B29E7A005C0797 /* SudokuSolver.docc in Sources */,
			);
			runOnlyForDeploymentPostprocessing = 0;
		};
		8FAED59028B29E7B005C0797 /* Sources */ = {
			isa = PBXSourcesBuildPhase;
			buildActionMask = 2147483647;
			files = (
				8FAED59C28B29E7B005C0797 /* SudokuSolverTests.swift in Sources */,
			);
			runOnlyForDeploymentPostprocessing = 0;
		};
/* End PBXSourcesBuildPhase section */

/* Begin PBXTargetDependency section */
		8FAED56928B29C06005C0797 /* PBXTargetDependency */ = {
			isa = PBXTargetDependency;
			target = 8FAED55528B29C02005C0797 /* Sudoku */;
			targetProxy = 8FAED56828B29C06005C0797 /* PBXContainerItemProxy */;
		};
		8FAED57328B29C06005C0797 /* PBXTargetDependency */ = {
			isa = PBXTargetDependency;
			target = 8FAED55528B29C02005C0797 /* Sudoku */;
			targetProxy = 8FAED57228B29C06005C0797 /* PBXContainerItemProxy */;
		};
		8FAED59728B29E7B005C0797 /* PBXTargetDependency */ = {
			isa = PBXTargetDependency;
			target = 8FAED58A28B29E7A005C0797 /* SudokuSolver */;
			targetProxy = 8FAED59628B29E7B005C0797 /* PBXContainerItemProxy */;
		};
		8FAED59928B29E7B005C0797 /* PBXTargetDependency */ = {
			isa = PBXTargetDependency;
			target = 8FAED55528B29C02005C0797 /* Sudoku */;
			targetProxy = 8FAED59828B29E7B005C0797 /* PBXContainerItemProxy */;
		};
		8FAED59F28B29E7B005C0797 /* PBXTargetDependency */ = {
			isa = PBXTargetDependency;
			target = 8FAED58A28B29E7A005C0797 /* SudokuSolver */;
			targetProxy = 8FAED59E28B29E7B005C0797 /* PBXContainerItemProxy */;
		};
/* End PBXTargetDependency section */

/* Begin XCBuildConfiguration section */
		8FAED57928B29C06005C0797 /* Debug */ = {
			isa = XCBuildConfiguration;
			buildSettings = {
				ALWAYS_SEARCH_USER_PATHS = NO;
				CLANG_ANALYZER_NONNULL = YES;
				CLANG_ANALYZER_NUMBER_OBJECT_CONVERSION = YES_AGGRESSIVE;
				CLANG_CXX_LANGUAGE_STANDARD = "gnu++20";
				CLANG_ENABLE_MODULES = YES;
				CLANG_ENABLE_OBJC_ARC = YES;
				CLANG_ENABLE_OBJC_WEAK = YES;
				CLANG_WARN_BLOCK_CAPTURE_AUTORELEASING = YES;
				CLANG_WARN_BOOL_CONVERSION = YES;
				CLANG_WARN_COMMA = YES;
				CLANG_WARN_CONSTANT_CONVERSION = YES;
				CLANG_WARN_DEPRECATED_OBJC_IMPLEMENTATIONS = YES;
				CLANG_WARN_DIRECT_OBJC_ISA_USAGE = YES_ERROR;
				CLANG_WARN_DOCUMENTATION_COMMENTS = YES;
				CLANG_WARN_EMPTY_BODY = YES;
				CLANG_WARN_ENUM_CONVERSION = YES;
				CLANG_WARN_INFINITE_RECURSION = YES;
				CLANG_WARN_INT_CONVERSION = YES;
				CLANG_WARN_NON_LITERAL_NULL_CONVERSION = YES;
				CLANG_WARN_OBJC_IMPLICIT_RETAIN_SELF = YES;
				CLANG_WARN_OBJC_LITERAL_CONVERSION = YES;
				CLANG_WARN_OBJC_ROOT_CLASS = YES_ERROR;
				CLANG_WARN_QUOTED_INCLUDE_IN_FRAMEWORK_HEADER = YES;
				CLANG_WARN_RANGE_LOOP_ANALYSIS = YES;
				CLANG_WARN_STRICT_PROTOTYPES = YES;
				CLANG_WARN_SUSPICIOUS_MOVE = YES;
				CLANG_WARN_UNGUARDED_AVAILABILITY = YES_AGGRESSIVE;
				CLANG_WARN_UNREACHABLE_CODE = YES;
				CLANG_WARN__DUPLICATE_METHOD_MATCH = YES;
				COPY_PHASE_STRIP = NO;
				DEBUG_INFORMATION_FORMAT = dwarf;
				ENABLE_STRICT_OBJC_MSGSEND = YES;
				ENABLE_TESTABILITY = YES;
				GCC_C_LANGUAGE_STANDARD = gnu11;
				GCC_DYNAMIC_NO_PIC = NO;
				GCC_NO_COMMON_BLOCKS = YES;
				GCC_OPTIMIZATION_LEVEL = 0;
				GCC_PREPROCESSOR_DEFINITIONS = (
					"DEBUG=1",
					"$(inherited)",
				);
				GCC_WARN_64_TO_32_BIT_CONVERSION = YES;
				GCC_WARN_ABOUT_RETURN_TYPE = YES_ERROR;
				GCC_WARN_UNDECLARED_SELECTOR = YES;
				GCC_WARN_UNINITIALIZED_AUTOS = YES_AGGRESSIVE;
				GCC_WARN_UNUSED_FUNCTION = YES;
				GCC_WARN_UNUSED_VARIABLE = YES;
				MTL_ENABLE_DEBUG_INFO = INCLUDE_SOURCE;
				MTL_FAST_MATH = YES;
				ONLY_ACTIVE_ARCH = YES;
				SWIFT_ACTIVE_COMPILATION_CONDITIONS = DEBUG;
				SWIFT_OPTIMIZATION_LEVEL = "-Onone";
			};
			name = Debug;
		};
		8FAED57A28B29C06005C0797 /* Release */ = {
			isa = XCBuildConfiguration;
			buildSettings = {
				ALWAYS_SEARCH_USER_PATHS = NO;
				CLANG_ANALYZER_NONNULL = YES;
				CLANG_ANALYZER_NUMBER_OBJECT_CONVERSION = YES_AGGRESSIVE;
				CLANG_CXX_LANGUAGE_STANDARD = "gnu++20";
				CLANG_ENABLE_MODULES = YES;
				CLANG_ENABLE_OBJC_ARC = YES;
				CLANG_ENABLE_OBJC_WEAK = YES;
				CLANG_WARN_BLOCK_CAPTURE_AUTORELEASING = YES;
				CLANG_WARN_BOOL_CONVERSION = YES;
				CLANG_WARN_COMMA = YES;
				CLANG_WARN_CONSTANT_CONVERSION = YES;
				CLANG_WARN_DEPRECATED_OBJC_IMPLEMENTATIONS = YES;
				CLANG_WARN_DIRECT_OBJC_ISA_USAGE = YES_ERROR;
				CLANG_WARN_DOCUMENTATION_COMMENTS = YES;
				CLANG_WARN_EMPTY_BODY = YES;
				CLANG_WARN_ENUM_CONVERSION = YES;
				CLANG_WARN_INFINITE_RECURSION = YES;
				CLANG_WARN_INT_CONVERSION = YES;
				CLANG_WARN_NON_LITERAL_NULL_CONVERSION = YES;
				CLANG_WARN_OBJC_IMPLICIT_RETAIN_SELF = YES;
				CLANG_WARN_OBJC_LITERAL_CONVERSION = YES;
				CLANG_WARN_OBJC_ROOT_CLASS = YES_ERROR;
				CLANG_WARN_QUOTED_INCLUDE_IN_FRAMEWORK_HEADER = YES;
				CLANG_WARN_RANGE_LOOP_ANALYSIS = YES;
				CLANG_WARN_STRICT_PROTOTYPES = YES;
				CLANG_WARN_SUSPICIOUS_MOVE = YES;
				CLANG_WARN_UNGUARDED_AVAILABILITY = YES_AGGRESSIVE;
				CLANG_WARN_UNREACHABLE_CODE = YES;
				CLANG_WARN__DUPLICATE_METHOD_MATCH = YES;
				COPY_PHASE_STRIP = NO;
				DEBUG_INFORMATION_FORMAT = "dwarf-with-dsym";
				ENABLE_NS_ASSERTIONS = NO;
				ENABLE_STRICT_OBJC_MSGSEND = YES;
				GCC_C_LANGUAGE_STANDARD = gnu11;
				GCC_NO_COMMON_BLOCKS = YES;
				GCC_WARN_64_TO_32_BIT_CONVERSION = YES;
				GCC_WARN_ABOUT_RETURN_TYPE = YES_ERROR;
				GCC_WARN_UNDECLARED_SELECTOR = YES;
				GCC_WARN_UNINITIALIZED_AUTOS = YES_AGGRESSIVE;
				GCC_WARN_UNUSED_FUNCTION = YES;
				GCC_WARN_UNUSED_VARIABLE = YES;
				MTL_ENABLE_DEBUG_INFO = NO;
				MTL_FAST_MATH = YES;
				SWIFT_COMPILATION_MODE = wholemodule;
				SWIFT_OPTIMIZATION_LEVEL = "-O";
			};
			name = Release;
		};
		8FAED57C28B29C06005C0797 /* Debug */ = {
			isa = XCBuildConfiguration;
			buildSettings = {
				ALWAYS_EMBED_SWIFT_STANDARD_LIBRARIES = YES;
				ASSETCATALOG_COMPILER_APPICON_NAME = AppIcon;
				ASSETCATALOG_COMPILER_GLOBAL_ACCENT_COLOR_NAME = AccentColor;
				CODE_SIGN_ENTITLEMENTS = Sudoku/Sudoku.entitlements;
				CODE_SIGN_STYLE = Automatic;
				CURRENT_PROJECT_VERSION = 1;
				DEVELOPMENT_ASSET_PATHS = "\"Sudoku/Preview Content\"";
				DEVELOPMENT_TEAM = F582GLX86W;
				ENABLE_HARDENED_RUNTIME = YES;
				ENABLE_PREVIEWS = YES;
				GENERATE_INFOPLIST_FILE = YES;
				"INFOPLIST_KEY_UIApplicationSceneManifest_Generation[sdk=iphoneos*]" = YES;
				"INFOPLIST_KEY_UIApplicationSceneManifest_Generation[sdk=iphonesimulator*]" = YES;
				"INFOPLIST_KEY_UIApplicationSupportsIndirectInputEvents[sdk=iphoneos*]" = YES;
				"INFOPLIST_KEY_UIApplicationSupportsIndirectInputEvents[sdk=iphonesimulator*]" = YES;
				"INFOPLIST_KEY_UILaunchScreen_Generation[sdk=iphoneos*]" = YES;
				"INFOPLIST_KEY_UILaunchScreen_Generation[sdk=iphonesimulator*]" = YES;
				INFOPLIST_KEY_UISupportedInterfaceOrientations_iPad = "UIInterfaceOrientationPortrait UIInterfaceOrientationPortraitUpsideDown UIInterfaceOrientationLandscapeLeft UIInterfaceOrientationLandscapeRight";
				INFOPLIST_KEY_UISupportedInterfaceOrientations_iPhone = "UIInterfaceOrientationPortrait UIInterfaceOrientationLandscapeLeft UIInterfaceOrientationLandscapeRight";
				IPHONEOS_DEPLOYMENT_TARGET = 16.0;
				LD_RUNPATH_SEARCH_PATHS = "@executable_path/Frameworks";
				"LD_RUNPATH_SEARCH_PATHS[sdk=macosx*]" = "@executable_path/../Frameworks";
				MACOSX_DEPLOYMENT_TARGET = 12.4;
				MARKETING_VERSION = 1.0;
				PRODUCT_BUNDLE_IDENTIFIER = com.laszloteveli.Sudoku;
				PRODUCT_NAME = "$(TARGET_NAME)";
				SDKROOT = auto;
				SUPPORTED_PLATFORMS = "iphoneos iphonesimulator macosx";
				SWIFT_EMIT_LOC_STRINGS = YES;
				SWIFT_VERSION = 5.0;
				TARGETED_DEVICE_FAMILY = "1,2";
			};
			name = Debug;
		};
		8FAED57D28B29C06005C0797 /* Release */ = {
			isa = XCBuildConfiguration;
			buildSettings = {
				ALWAYS_EMBED_SWIFT_STANDARD_LIBRARIES = YES;
				ASSETCATALOG_COMPILER_APPICON_NAME = AppIcon;
				ASSETCATALOG_COMPILER_GLOBAL_ACCENT_COLOR_NAME = AccentColor;
				CODE_SIGN_ENTITLEMENTS = Sudoku/Sudoku.entitlements;
				CODE_SIGN_STYLE = Automatic;
				CURRENT_PROJECT_VERSION = 1;
				DEVELOPMENT_ASSET_PATHS = "\"Sudoku/Preview Content\"";
				DEVELOPMENT_TEAM = F582GLX86W;
				ENABLE_HARDENED_RUNTIME = YES;
				ENABLE_PREVIEWS = YES;
				GENERATE_INFOPLIST_FILE = YES;
				"INFOPLIST_KEY_UIApplicationSceneManifest_Generation[sdk=iphoneos*]" = YES;
				"INFOPLIST_KEY_UIApplicationSceneManifest_Generation[sdk=iphonesimulator*]" = YES;
				"INFOPLIST_KEY_UIApplicationSupportsIndirectInputEvents[sdk=iphoneos*]" = YES;
				"INFOPLIST_KEY_UIApplicationSupportsIndirectInputEvents[sdk=iphonesimulator*]" = YES;
				"INFOPLIST_KEY_UILaunchScreen_Generation[sdk=iphoneos*]" = YES;
				"INFOPLIST_KEY_UILaunchScreen_Generation[sdk=iphonesimulator*]" = YES;
				INFOPLIST_KEY_UISupportedInterfaceOrientations_iPad = "UIInterfaceOrientationPortrait UIInterfaceOrientationPortraitUpsideDown UIInterfaceOrientationLandscapeLeft UIInterfaceOrientationLandscapeRight";
				INFOPLIST_KEY_UISupportedInterfaceOrientations_iPhone = "UIInterfaceOrientationPortrait UIInterfaceOrientationLandscapeLeft UIInterfaceOrientationLandscapeRight";
				IPHONEOS_DEPLOYMENT_TARGET = 16.0;
				LD_RUNPATH_SEARCH_PATHS = "@executable_path/Frameworks";
				"LD_RUNPATH_SEARCH_PATHS[sdk=macosx*]" = "@executable_path/../Frameworks";
				MACOSX_DEPLOYMENT_TARGET = 12.4;
				MARKETING_VERSION = 1.0;
				PRODUCT_BUNDLE_IDENTIFIER = com.laszloteveli.Sudoku;
				PRODUCT_NAME = "$(TARGET_NAME)";
				SDKROOT = auto;
				SUPPORTED_PLATFORMS = "iphoneos iphonesimulator macosx";
				SWIFT_EMIT_LOC_STRINGS = YES;
				SWIFT_VERSION = 5.0;
				TARGETED_DEVICE_FAMILY = "1,2";
			};
			name = Release;
		};
		8FAED57F28B29C06005C0797 /* Debug */ = {
			isa = XCBuildConfiguration;
			buildSettings = {
				ALWAYS_EMBED_SWIFT_STANDARD_LIBRARIES = YES;
				ASSETCATALOG_COMPILER_APPICON_NAME = AppIcon;
				BUNDLE_LOADER = "$(TEST_HOST)";
				CODE_SIGN_STYLE = Automatic;
				CURRENT_PROJECT_VERSION = 1;
				DEVELOPMENT_TEAM = F582GLX86W;
				GENERATE_INFOPLIST_FILE = YES;
				IPHONEOS_DEPLOYMENT_TARGET = 16.0;
				MACOSX_DEPLOYMENT_TARGET = 12.4;
				MARKETING_VERSION = 1.0;
				PRODUCT_BUNDLE_IDENTIFIER = com.laszloteveli.SudokuTests;
				PRODUCT_NAME = "$(TARGET_NAME)";
				SDKROOT = auto;
				SUPPORTED_PLATFORMS = "iphoneos iphonesimulator macosx";
				SWIFT_EMIT_LOC_STRINGS = NO;
				SWIFT_VERSION = 5.0;
				TARGETED_DEVICE_FAMILY = "1,2";
				TEST_HOST = "$(BUILT_PRODUCTS_DIR)/Sudoku.app/$(BUNDLE_EXECUTABLE_FOLDER_PATH)/Sudoku";
			};
			name = Debug;
		};
		8FAED58028B29C06005C0797 /* Release */ = {
			isa = XCBuildConfiguration;
			buildSettings = {
				ALWAYS_EMBED_SWIFT_STANDARD_LIBRARIES = YES;
				ASSETCATALOG_COMPILER_APPICON_NAME = AppIcon;
				BUNDLE_LOADER = "$(TEST_HOST)";
				CODE_SIGN_STYLE = Automatic;
				CURRENT_PROJECT_VERSION = 1;
				DEVELOPMENT_TEAM = F582GLX86W;
				GENERATE_INFOPLIST_FILE = YES;
				IPHONEOS_DEPLOYMENT_TARGET = 16.0;
				MACOSX_DEPLOYMENT_TARGET = 12.4;
				MARKETING_VERSION = 1.0;
				PRODUCT_BUNDLE_IDENTIFIER = com.laszloteveli.SudokuTests;
				PRODUCT_NAME = "$(TARGET_NAME)";
				SDKROOT = auto;
				SUPPORTED_PLATFORMS = "iphoneos iphonesimulator macosx";
				SWIFT_EMIT_LOC_STRINGS = NO;
				SWIFT_VERSION = 5.0;
				TARGETED_DEVICE_FAMILY = "1,2";
				TEST_HOST = "$(BUILT_PRODUCTS_DIR)/Sudoku.app/$(BUNDLE_EXECUTABLE_FOLDER_PATH)/Sudoku";
			};
			name = Release;
		};
		8FAED58228B29C06005C0797 /* Debug */ = {
			isa = XCBuildConfiguration;
			buildSettings = {
				ALWAYS_EMBED_SWIFT_STANDARD_LIBRARIES = YES;
				CODE_SIGN_STYLE = Automatic;
				CURRENT_PROJECT_VERSION = 1;
				DEVELOPMENT_TEAM = F582GLX86W;
				GENERATE_INFOPLIST_FILE = YES;
				IPHONEOS_DEPLOYMENT_TARGET = 16.0;
				MACOSX_DEPLOYMENT_TARGET = 12.4;
				MARKETING_VERSION = 1.0;
				PRODUCT_BUNDLE_IDENTIFIER = com.laszloteveli.SudokuUITests;
				PRODUCT_NAME = "$(TARGET_NAME)";
				SDKROOT = auto;
				SUPPORTED_PLATFORMS = "iphoneos iphonesimulator macosx";
				SWIFT_EMIT_LOC_STRINGS = NO;
				SWIFT_VERSION = 5.0;
				TARGETED_DEVICE_FAMILY = "1,2";
				TEST_TARGET_NAME = Sudoku;
			};
			name = Debug;
		};
		8FAED58328B29C06005C0797 /* Release */ = {
			isa = XCBuildConfiguration;
			buildSettings = {
				ALWAYS_EMBED_SWIFT_STANDARD_LIBRARIES = YES;
				CODE_SIGN_STYLE = Automatic;
				CURRENT_PROJECT_VERSION = 1;
				DEVELOPMENT_TEAM = F582GLX86W;
				GENERATE_INFOPLIST_FILE = YES;
				IPHONEOS_DEPLOYMENT_TARGET = 16.0;
				MACOSX_DEPLOYMENT_TARGET = 12.4;
				MARKETING_VERSION = 1.0;
				PRODUCT_BUNDLE_IDENTIFIER = com.laszloteveli.SudokuUITests;
				PRODUCT_NAME = "$(TARGET_NAME)";
				SDKROOT = auto;
				SUPPORTED_PLATFORMS = "iphoneos iphonesimulator macosx";
				SWIFT_EMIT_LOC_STRINGS = NO;
				SWIFT_VERSION = 5.0;
				TARGETED_DEVICE_FAMILY = "1,2";
				TEST_TARGET_NAME = Sudoku;
			};
			name = Release;
		};
		8FAED5A328B29E7B005C0797 /* Debug */ = {
			isa = XCBuildConfiguration;
			buildSettings = {
				CODE_SIGN_STYLE = Automatic;
				CURRENT_PROJECT_VERSION = 1;
				DEFINES_MODULE = YES;
				DEVELOPMENT_TEAM = F582GLX86W;
				DYLIB_COMPATIBILITY_VERSION = 1;
				DYLIB_CURRENT_VERSION = 1;
				DYLIB_INSTALL_NAME_BASE = "@rpath";
				GENERATE_INFOPLIST_FILE = YES;
				INFOPLIST_KEY_NSHumanReadableCopyright = "";
				INSTALL_PATH = "$(LOCAL_LIBRARY_DIR)/Frameworks";
				IPHONEOS_DEPLOYMENT_TARGET = 16.0;
				LD_RUNPATH_SEARCH_PATHS = (
					"@executable_path/Frameworks",
					"@loader_path/Frameworks",
				);
				"LD_RUNPATH_SEARCH_PATHS[sdk=macosx*]" = (
					"@executable_path/../Frameworks",
					"@loader_path/Frameworks",
				);
				MACOSX_DEPLOYMENT_TARGET = 12.4;
				MARKETING_VERSION = 1.0;
				PRODUCT_BUNDLE_IDENTIFIER = com.laszloteveli.SudokuSolver;
				PRODUCT_NAME = "$(TARGET_NAME:c99extidentifier)";
				SDKROOT = auto;
				SKIP_INSTALL = YES;
				SUPPORTED_PLATFORMS = "iphoneos iphonesimulator macosx";
				SWIFT_EMIT_LOC_STRINGS = YES;
				SWIFT_VERSION = 5.0;
				TARGETED_DEVICE_FAMILY = "1,2";
				VERSIONING_SYSTEM = "apple-generic";
				VERSION_INFO_PREFIX = "";
			};
			name = Debug;
		};
		8FAED5A428B29E7B005C0797 /* Release */ = {
			isa = XCBuildConfiguration;
			buildSettings = {
				CODE_SIGN_STYLE = Automatic;
				CURRENT_PROJECT_VERSION = 1;
				DEFINES_MODULE = YES;
				DEVELOPMENT_TEAM = F582GLX86W;
				DYLIB_COMPATIBILITY_VERSION = 1;
				DYLIB_CURRENT_VERSION = 1;
				DYLIB_INSTALL_NAME_BASE = "@rpath";
				GENERATE_INFOPLIST_FILE = YES;
				INFOPLIST_KEY_NSHumanReadableCopyright = "";
				INSTALL_PATH = "$(LOCAL_LIBRARY_DIR)/Frameworks";
				IPHONEOS_DEPLOYMENT_TARGET = 16.0;
				LD_RUNPATH_SEARCH_PATHS = (
					"@executable_path/Frameworks",
					"@loader_path/Frameworks",
				);
				"LD_RUNPATH_SEARCH_PATHS[sdk=macosx*]" = (
					"@executable_path/../Frameworks",
					"@loader_path/Frameworks",
				);
				MACOSX_DEPLOYMENT_TARGET = 12.4;
				MARKETING_VERSION = 1.0;
				PRODUCT_BUNDLE_IDENTIFIER = com.laszloteveli.SudokuSolver;
				PRODUCT_NAME = "$(TARGET_NAME:c99extidentifier)";
				SDKROOT = auto;
				SKIP_INSTALL = YES;
				SUPPORTED_PLATFORMS = "iphoneos iphonesimulator macosx";
				SWIFT_EMIT_LOC_STRINGS = YES;
				SWIFT_VERSION = 5.0;
				TARGETED_DEVICE_FAMILY = "1,2";
				VERSIONING_SYSTEM = "apple-generic";
				VERSION_INFO_PREFIX = "";
			};
			name = Release;
		};
		8FAED5A728B29E7B005C0797 /* Debug */ = {
			isa = XCBuildConfiguration;
			buildSettings = {
				ALWAYS_EMBED_SWIFT_STANDARD_LIBRARIES = YES;
				CODE_SIGN_STYLE = Automatic;
				CURRENT_PROJECT_VERSION = 1;
				DEVELOPMENT_TEAM = F582GLX86W;
				GENERATE_INFOPLIST_FILE = YES;
				IPHONEOS_DEPLOYMENT_TARGET = 16.0;
				MACOSX_DEPLOYMENT_TARGET = 12.4;
				MARKETING_VERSION = 1.0;
				PRODUCT_BUNDLE_IDENTIFIER = com.laszloteveli.SudokuSolverTests;
				PRODUCT_NAME = "$(TARGET_NAME)";
				SDKROOT = auto;
				SUPPORTED_PLATFORMS = "iphoneos iphonesimulator macosx";
				SWIFT_EMIT_LOC_STRINGS = NO;
				SWIFT_VERSION = 5.0;
				TARGETED_DEVICE_FAMILY = "1,2";
			};
			name = Debug;
		};
		8FAED5A828B29E7B005C0797 /* Release */ = {
			isa = XCBuildConfiguration;
			buildSettings = {
				ALWAYS_EMBED_SWIFT_STANDARD_LIBRARIES = YES;
				CODE_SIGN_STYLE = Automatic;
				CURRENT_PROJECT_VERSION = 1;
				DEVELOPMENT_TEAM = F582GLX86W;
				GENERATE_INFOPLIST_FILE = YES;
				IPHONEOS_DEPLOYMENT_TARGET = 16.0;
				MACOSX_DEPLOYMENT_TARGET = 12.4;
				MARKETING_VERSION = 1.0;
				PRODUCT_BUNDLE_IDENTIFIER = com.laszloteveli.SudokuSolverTests;
				PRODUCT_NAME = "$(TARGET_NAME)";
				SDKROOT = auto;
				SUPPORTED_PLATFORMS = "iphoneos iphonesimulator macosx";
				SWIFT_EMIT_LOC_STRINGS = NO;
				SWIFT_VERSION = 5.0;
				TARGETED_DEVICE_FAMILY = "1,2";
			};
			name = Release;
		};
/* End XCBuildConfiguration section */

/* Begin XCConfigurationList section */
		8FAED55128B29C02005C0797 /* Build configuration list for PBXProject "Sudoku" */ = {
			isa = XCConfigurationList;
			buildConfigurations = (
				8FAED57928B29C06005C0797 /* Debug */,
				8FAED57A28B29C06005C0797 /* Release */,
			);
			defaultConfigurationIsVisible = 0;
			defaultConfigurationName = Release;
		};
		8FAED57B28B29C06005C0797 /* Build configuration list for PBXNativeTarget "Sudoku" */ = {
			isa = XCConfigurationList;
			buildConfigurations = (
				8FAED57C28B29C06005C0797 /* Debug */,
				8FAED57D28B29C06005C0797 /* Release */,
			);
			defaultConfigurationIsVisible = 0;
			defaultConfigurationName = Release;
		};
		8FAED57E28B29C06005C0797 /* Build configuration list for PBXNativeTarget "SudokuTests" */ = {
			isa = XCConfigurationList;
			buildConfigurations = (
				8FAED57F28B29C06005C0797 /* Debug */,
				8FAED58028B29C06005C0797 /* Release */,
			);
			defaultConfigurationIsVisible = 0;
			defaultConfigurationName = Release;
		};
		8FAED58128B29C06005C0797 /* Build configuration list for PBXNativeTarget "SudokuUITests" */ = {
			isa = XCConfigurationList;
			buildConfigurations = (
				8FAED58228B29C06005C0797 /* Debug */,
				8FAED58328B29C06005C0797 /* Release */,
			);
			defaultConfigurationIsVisible = 0;
			defaultConfigurationName = Release;
		};
		8FAED5A228B29E7B005C0797 /* Build configuration list for PBXNativeTarget "SudokuSolver" */ = {
			isa = XCConfigurationList;
			buildConfigurations = (
				8FAED5A328B29E7B005C0797 /* Debug */,
				8FAED5A428B29E7B005C0797 /* Release */,
			);
			defaultConfigurationIsVisible = 0;
			defaultConfigurationName = Release;
		};
		8FAED5A628B29E7B005C0797 /* Build configuration list for PBXNativeTarget "SudokuSolverTests" */ = {
			isa = XCConfigurationList;
			buildConfigurations = (
				8FAED5A728B29E7B005C0797 /* Debug */,
				8FAED5A828B29E7B005C0797 /* Release */,
			);
			defaultConfigurationIsVisible = 0;
			defaultConfigurationName = Release;
		};
/* End XCConfigurationList section */
	};
	rootObject = 8FAED54E28B29C02005C0797 /* Project object */;
}
